
Microsoft Visual Studio Solution File, Format Version 12.00
# Blend for Visual Studio 15
VisualStudioVersion = 15.0.27703.2042
MinimumVisualStudioVersion = 10.0.40219.1
Project("{FAE04EC0-301F-11D3-BF4B-00C04F79EFBC}") = "WpfApp1", "WpfApp1\WpfApp1.csproj", "{08C6447F-077D-46F8-9EE5-F842B4474C3C}"
EndProject
Global
	GlobalSection(SolutionConfigurationPlatforms) = preSolution
		Debug|Any CPU = Debug|Any CPU
		Release|Any CPU = Release|Any CPU
	EndGlobalSection
	GlobalSection(ProjectConfigurationPlatforms) = postSolution
		{08C6447F-077D-46F8-9EE5-F842B4474C3C}.Debug|Any CPU.ActiveCfg = Debug|Any CPU
		{08C6447F-077D-46F8-9EE5-F842B4474C3C}.Debug|Any CPU.Build.0 = Debug|Any CPU
		{08C6447F-077D-46F8-9EE5-F842B4474C3C}.Release|Any CPU.ActiveCfg = Release|Any CPU
		{08C6447F-077D-46F8-9EE5-F842B4474C3C}.Release|Any CPU.Build.0 = Release|Any CPU
	EndGlobalSection
	GlobalSection(SolutionProperties) = preSolution
		HideSolutionNode = FALSE
	EndGlobalSection
	GlobalSection(ExtensibilityGlobals) = postSolution
		SolutionGuid = {1D6E12D7-79BA-44ED-AF71-530DA8FAA784}
	EndGlobalSection
EndGlobal
